
Microsoft Visual Studio Solution File, Format Version 12.00
# Visual Studio Version 17
VisualStudioVersion = 17.0.32126.317
MinimumVisualStudioVersion = 10.0.40219.1
Project("{9A19103F-16F7-4668-BE54-9A1E7A4F7556}") = "CRM.APILayer", "CRM\CRM.APILayer.csproj", "{4C1D7DE3-2732-4834-ADB6-86A2090557FA}"
EndProject
Project("{9A19103F-16F7-4668-BE54-9A1E7A4F7556}") = "CRM.BusinessLayer", "CRM_BuisnessLayer\CRM.BusinessLayer.csproj", "{5E5EF73C-8311-4B25-B4D3-400D0EF6C5C3}"
EndProject
Project("{9A19103F-16F7-4668-BE54-9A1E7A4F7556}") = "CRM.DataLayer", "CRM_DataLayer\CRM.DataLayer.csproj", "{0AD56EAE-CB39-4D74-84AC-BD80BF34A2E7}"
EndProject
Project("{00D1A9C2-B5F0-4AF3-8072-F6C62B433612}") = "CRM.Db", "CRM_DB\CRM.Db.sqlproj", "{A53EBB80-CC2D-4C7F-BB60-040FDE611E44}"
EndProject
Project("{9A19103F-16F7-4668-BE54-9A1E7A4F7556}") = "CRM.BusinessLayer.Tests", "CRM.BusinessLayer.Tests\CRM.BusinessLayer.Tests.csproj", "{9EB99E46-0AB1-4182-A2B9-720E503C34F6}"
EndProject
Project("{FAE04EC0-301F-11D3-BF4B-00C04F79EFBC}") = "CRM.ApiLayer.Tests", "CRM.ApiLayer.Tests\CRM.ApiLayer.Tests.csproj", "{9B481BC5-7343-4841-BBE8-D8933E73E95C}"
EndProject
Global
	GlobalSection(SolutionConfigurationPlatforms) = preSolution
		Debug|Any CPU = Debug|Any CPU
		Release|Any CPU = Release|Any CPU
	EndGlobalSection
	GlobalSection(ProjectConfigurationPlatforms) = postSolution
		{4C1D7DE3-2732-4834-ADB6-86A2090557FA}.Debug|Any CPU.ActiveCfg = Debug|Any CPU
		{4C1D7DE3-2732-4834-ADB6-86A2090557FA}.Debug|Any CPU.Build.0 = Debug|Any CPU
		{4C1D7DE3-2732-4834-ADB6-86A2090557FA}.Release|Any CPU.ActiveCfg = Release|Any CPU
		{4C1D7DE3-2732-4834-ADB6-86A2090557FA}.Release|Any CPU.Build.0 = Release|Any CPU
		{5E5EF73C-8311-4B25-B4D3-400D0EF6C5C3}.Debug|Any CPU.ActiveCfg = Debug|Any CPU
		{5E5EF73C-8311-4B25-B4D3-400D0EF6C5C3}.Debug|Any CPU.Build.0 = Debug|Any CPU
		{5E5EF73C-8311-4B25-B4D3-400D0EF6C5C3}.Release|Any CPU.ActiveCfg = Release|Any CPU
		{5E5EF73C-8311-4B25-B4D3-400D0EF6C5C3}.Release|Any CPU.Build.0 = Release|Any CPU
		{0AD56EAE-CB39-4D74-84AC-BD80BF34A2E7}.Debug|Any CPU.ActiveCfg = Debug|Any CPU
		{0AD56EAE-CB39-4D74-84AC-BD80BF34A2E7}.Debug|Any CPU.Build.0 = Debug|Any CPU
		{0AD56EAE-CB39-4D74-84AC-BD80BF34A2E7}.Release|Any CPU.ActiveCfg = Release|Any CPU
		{0AD56EAE-CB39-4D74-84AC-BD80BF34A2E7}.Release|Any CPU.Build.0 = Release|Any CPU
		{A53EBB80-CC2D-4C7F-BB60-040FDE611E44}.Debug|Any CPU.ActiveCfg = Debug|Any CPU
		{A53EBB80-CC2D-4C7F-BB60-040FDE611E44}.Debug|Any CPU.Build.0 = Debug|Any CPU
		{A53EBB80-CC2D-4C7F-BB60-040FDE611E44}.Debug|Any CPU.Deploy.0 = Debug|Any CPU
		{A53EBB80-CC2D-4C7F-BB60-040FDE611E44}.Release|Any CPU.ActiveCfg = Release|Any CPU
		{A53EBB80-CC2D-4C7F-BB60-040FDE611E44}.Release|Any CPU.Build.0 = Release|Any CPU
		{A53EBB80-CC2D-4C7F-BB60-040FDE611E44}.Release|Any CPU.Deploy.0 = Release|Any CPU
		{9EB99E46-0AB1-4182-A2B9-720E503C34F6}.Debug|Any CPU.ActiveCfg = Debug|Any CPU
		{9EB99E46-0AB1-4182-A2B9-720E503C34F6}.Debug|Any CPU.Build.0 = Debug|Any CPU
		{9EB99E46-0AB1-4182-A2B9-720E503C34F6}.Release|Any CPU.ActiveCfg = Release|Any CPU
		{9EB99E46-0AB1-4182-A2B9-720E503C34F6}.Release|Any CPU.Build.0 = Release|Any CPU
		{9B481BC5-7343-4841-BBE8-D8933E73E95C}.Debug|Any CPU.ActiveCfg = Debug|Any CPU
		{9B481BC5-7343-4841-BBE8-D8933E73E95C}.Debug|Any CPU.Build.0 = Debug|Any CPU
		{9B481BC5-7343-4841-BBE8-D8933E73E95C}.Release|Any CPU.ActiveCfg = Release|Any CPU
		{9B481BC5-7343-4841-BBE8-D8933E73E95C}.Release|Any CPU.Build.0 = Release|Any CPU
	EndGlobalSection
	GlobalSection(SolutionProperties) = preSolution
		HideSolutionNode = FALSE
	EndGlobalSection
	GlobalSection(ExtensibilityGlobals) = postSolution
		SolutionGuid = {9F9A53C8-6F46-4CF2-9EFA-260FC42AFA53}
	EndGlobalSection
EndGlobal
